
Microsoft Visual Studio Solution File, Format Version 12.00
# Visual Studio Version 17
VisualStudioVersion = 17.5.33414.496
MinimumVisualStudioVersion = 10.0.40219.1
Project("{FAE04EC0-301F-11D3-BF4B-00C04F79EFBC}") = "MEHR", "MEHR\MEHR.csproj", "{2212EF20-A965-41CD-8DC5-098F15DC038B}"
EndProject
Global
	GlobalSection(SolutionConfigurationPlatforms) = preSolution
		Debug|Any CPU = Debug|Any CPU
		Release|Any CPU = Release|Any CPU
	EndGlobalSection
	GlobalSection(ProjectConfigurationPlatforms) = postSolution
		{2212EF20-A965-41CD-8DC5-098F15DC038B}.Debug|Any CPU.ActiveCfg = Debug|Any CPU
		{2212EF20-A965-41CD-8DC5-098F15DC038B}.Debug|Any CPU.Build.0 = Debug|Any CPU
		{2212EF20-A965-41CD-8DC5-098F15DC038B}.Release|Any CPU.ActiveCfg = Release|Any CPU
		{2212EF20-A965-41CD-8DC5-098F15DC038B}.Release|Any CPU.Build.0 = Release|Any CPU
	EndGlobalSection
	GlobalSection(SolutionProperties) = preSolution
		HideSolutionNode = FALSE
	EndGlobalSection
	GlobalSection(ExtensibilityGlobals) = postSolution
		SolutionGuid = {F2689750-E858-4249-97BA-4AFCA61F1D69}
	EndGlobalSection
EndGlobal
